
Microsoft Visual Studio Solution File, Format Version 12.00
# Visual Studio Version 16
VisualStudioVersion = 16.0.29728.190
MinimumVisualStudioVersion = 10.0.40219.1
Project("{FAE04EC0-301F-11D3-BF4B-00C04F79EFBC}") = "ShoppingList", "ShoppingList\ShoppingList.csproj", "{2D1942F4-68E4-4081-A338-09A73377F559}"
EndProject
Global
	GlobalSection(SolutionConfigurationPlatforms) = preSolution
		Debug|Any CPU = Debug|Any CPU
		Release|Any CPU = Release|Any CPU
	EndGlobalSection
	GlobalSection(ProjectConfigurationPlatforms) = postSolution
		{2D1942F4-68E4-4081-A338-09A73377F559}.Debug|Any CPU.ActiveCfg = Debug|Any CPU
		{2D1942F4-68E4-4081-A338-09A73377F559}.Debug|Any CPU.Build.0 = Debug|Any CPU
		{2D1942F4-68E4-4081-A338-09A73377F559}.Release|Any CPU.ActiveCfg = Release|Any CPU
		{2D1942F4-68E4-4081-A338-09A73377F559}.Release|Any CPU.Build.0 = Release|Any CPU
	EndGlobalSection
	GlobalSection(SolutionProperties) = preSolution
		HideSolutionNode = FALSE
	EndGlobalSection
	GlobalSection(ExtensibilityGlobals) = postSolution
		SolutionGuid = {F91D1AC6-4927-4ED1-BE55-2B6C453F7765}
	EndGlobalSection
EndGlobal
